
Microsoft Visual Studio Solution File, Format Version 12.00
# Visual Studio Version 17
VisualStudioVersion = 17.2.32516.85
MinimumVisualStudioVersion = 10.0.40219.1
Project("{FAE04EC0-301F-11D3-BF4B-00C04F79EFBC}") = "WinFormsVadim", "WinFormsVadim\WinFormsVadim.csproj", "{3C110151-9830-44C5-80E3-1CEFE63BFF4A}"
EndProject
Global
	GlobalSection(SolutionConfigurationPlatforms) = preSolution
		Debug|Any CPU = Debug|Any CPU
		Release|Any CPU = Release|Any CPU
	EndGlobalSection
	GlobalSection(ProjectConfigurationPlatforms) = postSolution
		{3C110151-9830-44C5-80E3-1CEFE63BFF4A}.Debug|Any CPU.ActiveCfg = Debug|Any CPU
		{3C110151-9830-44C5-80E3-1CEFE63BFF4A}.Debug|Any CPU.Build.0 = Debug|Any CPU
		{3C110151-9830-44C5-80E3-1CEFE63BFF4A}.Release|Any CPU.ActiveCfg = Release|Any CPU
		{3C110151-9830-44C5-80E3-1CEFE63BFF4A}.Release|Any CPU.Build.0 = Release|Any CPU
	EndGlobalSection
	GlobalSection(SolutionProperties) = preSolution
		HideSolutionNode = FALSE
	EndGlobalSection
	GlobalSection(ExtensibilityGlobals) = postSolution
		SolutionGuid = {D345956B-76A8-42F4-B9CF-AFB9B9FCFA81}
	EndGlobalSection
EndGlobal
